{
  "name": "guiguyun-music-uni-app",
  "lockfileVersion": 2,
  "requires": true,
  "packages": {
    "": {
      "dependencies": {
        "dayjs": "^1.10.6",
        "pubsub-js": "^1.9.3"
      }
    },
    "node_modules/dayjs": {
      "version": "1.10.6",
      "resolved": "https://registry.nlark.com/dayjs/download/dayjs-1.10.6.tgz",
      "integrity": "sha1-KIsqqC8thBimydTfWJjAc3rQKmM="
    },
    "node_modules/pubsub-js": {
      "version": "1.9.3",
      "resolved": "https://registry.nlark.com/pubsub-js/download/pubsub-js-1.9.3.tgz",
      "integrity": "sha1-Z07qTVaNBALgUnzbEOKqt7VWIdI="
    }
  },
  "dependencies": {
    "dayjs": {
      "version": "1.10.6",
      "resolved": "https://registry.nlark.com/dayjs/download/dayjs-1.10.6.tgz",
      "integrity": "sha1-KIsqqC8thBimydTfWJjAc3rQKmM="
    },
    "pubsub-js": {
      "version": "1.9.3",
      "resolved": "https://registry.nlark.com/pubsub-js/download/pubsub-js-1.9.3.tgz",
      "integrity": "sha1-Z07qTVaNBALgUnzbEOKqt7VWIdI="
    }
  }
}
